Microsoft Visual Studio Solution File, Format Version 8.00
Project("{FAE04EC0-301F-11D3-BF4B-00C04F79EFBC}") = "Diagnostics", "http://localhost/Diagnostics/Diagnostics.csproj", "{79BC6DA9-6828-41DE-8157-261AC26DEC52}"
	ProjectSection(ProjectDependencies) = postProject
	EndProjectSection
EndProject
Global
	GlobalSection(SolutionConfiguration) = preSolution
		Debug = Debug
		Release = Release
	EndGlobalSection
	GlobalSection(ProjectDependencies) = postSolution
	EndGlobalSection
	GlobalSection(ProjectConfiguration) = postSolution
		{79BC6DA9-6828-41DE-8157-261AC26DEC52}.Debug.ActiveCfg = Debug|.NET
		{79BC6DA9-6828-41DE-8157-261AC26DEC52}.Debug.Build.0 = Debug|.NET
		{79BC6DA9-6828-41DE-8157-261AC26DEC52}.Release.ActiveCfg = Release|.NET
		{79BC6DA9-6828-41DE-8157-261AC26DEC52}.Release.Build.0 = Release|.NET
	EndGlobalSection
	GlobalSection(ExtensibilityGlobals) = postSolution
	EndGlobalSection
	GlobalSection(ExtensibilityAddIns) = postSolution
	EndGlobalSection
EndGlobal
